
Microsoft Visual Studio Solution File, Format Version 12.00
# Visual Studio Version 17
VisualStudioVersion = 17.7.34031.279
MinimumVisualStudioVersion = 10.0.40219.1
Project("{9A19103F-16F7-4668-BE54-9A1E7A4F7556}") = "MasjidKITA", "WebApi\MasjidKITA.csproj", "{9F480724-D418-4C6C-861B-AC54161A7517}"
EndProject
Project("{9A19103F-16F7-4668-BE54-9A1E7A4F7556}") = "CA.DAL", "CA.DAL\CA.DAL.csproj", "{3EA19AE6-CF29-4AF2-A785-C91361AD016C}"
EndProject
Project("{9A19103F-16F7-4668-BE54-9A1E7A4F7556}") = "TE.DAL", "TE.DAL\TE.DAL.csproj", "{3814EF1F-862A-4906-99EA-C83CFAEF428E}"
EndProject
Global
	GlobalSection(SolutionConfigurationPlatforms) = preSolution
		Debug|Any CPU = Debug|Any CPU
		Release|Any CPU = Release|Any CPU
	EndGlobalSection
	GlobalSection(ProjectConfigurationPlatforms) = postSolution
		{9F480724-D418-4C6C-861B-AC54161A7517}.Debug|Any CPU.ActiveCfg = Debug|Any CPU
		{9F480724-D418-4C6C-861B-AC54161A7517}.Debug|Any CPU.Build.0 = Debug|Any CPU
		{9F480724-D418-4C6C-861B-AC54161A7517}.Release|Any CPU.ActiveCfg = Release|Any CPU
		{9F480724-D418-4C6C-861B-AC54161A7517}.Release|Any CPU.Build.0 = Release|Any CPU
		{3EA19AE6-CF29-4AF2-A785-C91361AD016C}.Debug|Any CPU.ActiveCfg = Debug|Any CPU
		{3EA19AE6-CF29-4AF2-A785-C91361AD016C}.Debug|Any CPU.Build.0 = Debug|Any CPU
		{3EA19AE6-CF29-4AF2-A785-C91361AD016C}.Release|Any CPU.ActiveCfg = Release|Any CPU
		{3EA19AE6-CF29-4AF2-A785-C91361AD016C}.Release|Any CPU.Build.0 = Release|Any CPU
		{3814EF1F-862A-4906-99EA-C83CFAEF428E}.Debug|Any CPU.ActiveCfg = Debug|Any CPU
		{3814EF1F-862A-4906-99EA-C83CFAEF428E}.Debug|Any CPU.Build.0 = Debug|Any CPU
		{3814EF1F-862A-4906-99EA-C83CFAEF428E}.Release|Any CPU.ActiveCfg = Release|Any CPU
		{3814EF1F-862A-4906-99EA-C83CFAEF428E}.Release|Any CPU.Build.0 = Release|Any CPU
	EndGlobalSection
	GlobalSection(SolutionProperties) = preSolution
		HideSolutionNode = FALSE
	EndGlobalSection
	GlobalSection(ExtensibilityGlobals) = postSolution
		SolutionGuid = {B389684C-3FD9-43C6-8E7F-451490F174AB}
	EndGlobalSection
EndGlobal
